// !$*UTF8*$!
{
	archiveVersion = 1;
	classes = {
	};
	objectVersion = 56;
	objects = {

/* Begin PBXBuildFile section */
		93D374782A5D264600EBCF1D /* AppDelegate.swift in Sources */ = {isa = PBXBuildFile; fileRef = 93D374772A5D264600EBCF1D /* AppDelegate.swift */; };
		93D3747A2A5D264600EBCF1D /* SceneDelegate.swift in Sources */ = {isa = PBXBuildFile; fileRef = 93D374792A5D264600EBCF1D /* SceneDelegate.swift */; };
		93D3747C2A5D264600EBCF1D /* ViewController.swift in Sources */ = {isa = PBXBuildFile; fileRef = 93D3747B2A5D264600EBCF1D /* ViewController.swift */; };
		93D3747F2A5D264600EBCF1D /* Main.storyboard in Resources */ = {isa = PBXBuildFile; fileRef = 93D3747D2A5D264600EBCF1D /* Main.storyboard */; };
		93D374812A5D264700EBCF1D /* Assets.xcassets in Resources */ = {isa = PBXBuildFile; fileRef = 93D374802A5D264700EBCF1D /* Assets.xcassets */; };
		93D374842A5D264700EBCF1D /* LaunchScreen.storyboard in Resources */ = {isa = PBXBuildFile; fileRef = 93D374822A5D264700EBCF1D /* LaunchScreen.storyboard */; };
		93D3748C2A5D5C4200EBCF1D /* Game.swift in Sources */ = {isa = PBXBuildFile; fileRef = 93D3748B2A5D5C4200EBCF1D /* Game.swift */; };
		93D3748E2A5D608000EBCF1D /* GuessResult.swift in Sources */ = {isa = PBXBuildFile; fileRef = 93D3748D2A5D608000EBCF1D /* GuessResult.swift */; };
		93D374902A5FD62000EBCF1D /* beepbeep.mp3 in Resources */ = {isa = PBXBuildFile; fileRef = 93D3748F2A5FD62000EBCF1D /* beepbeep.mp3 */; };
		93D374922A5FD70100EBCF1D /* clickSound.mp3 in Resources */ = {isa = PBXBuildFile; fileRef = 93D374912A5FD70100EBCF1D /* clickSound.mp3 */; };
		93D374942A5FD7E800EBCF1D /* functionButton.mp3 in Resources */ = {isa = PBXBuildFile; fileRef = 93D374932A5FD7E800EBCF1D /* functionButton.mp3 */; };
		93D374962A5FDE0500EBCF1D /* clearButtonSound.mp3 in Resources */ = {isa = PBXBuildFile; fileRef = 93D374952A5FDE0500EBCF1D /* clearButtonSound.mp3 */; };
		93D374982A5FDFD200EBCF1D /* explosion.mp3 in Resources */ = {isa = PBXBuildFile; fileRef = 93D374972A5FDFD200EBCF1D /* explosion.mp3 */; };
		93D3749A2A6000D000EBCF1D /* winSound.mp3 in Resources */ = {isa = PBXBuildFile; fileRef = 93D374992A6000D000EBCF1D /* winSound.mp3 */; };
/* End PBXBuildFile section */

/* Begin PBXFileReference section */
		93D374742A5D264600EBCF1D /* HW_GuessNumber.app */ = {isa = PBXFileReference; explicitFileType = wrapper.application; includeInIndex = 0; path = HW_GuessNumber.app; sourceTree = BUILT_PRODUCTS_DIR; };
		93D374772A5D264600EBCF1D /* AppDelegate.swift */ = {isa = PBXFileReference; lastKnownFileType = sourcecode.swift; path = AppDelegate.swift; sourceTree = "<group>"; };
		93D374792A5D264600EBCF1D /* SceneDelegate.swift */ = {isa = PBXFileReference; lastKnownFileType = sourcecode.swift; path = SceneDelegate.swift; sourceTree = "<group>"; };
		93D3747B2A5D264600EBCF1D /* ViewController.swift */ = {isa = PBXFileReference; lastKnownFileType = sourcecode.swift; path = ViewController.swift; sourceTree = "<group>"; };
		93D3747E2A5D264600EBCF1D /* Base */ = {isa = PBXFileReference; lastKnownFileType = file.storyboard; name = Base; path = Base.lproj/Main.storyboard; sourceTree = "<group>"; };
		93D374802A5D264700EBCF1D /* Assets.xcassets */ = {isa = PBXFileReference; lastKnownFileType = folder.assetcatalog; path = Assets.xcassets; sourceTree = "<group>"; };
		93D374832A5D264700EBCF1D /* Base */ = {isa = PBXFileReference; lastKnownFileType = file.storyboard; name = Base; path = Base.lproj/LaunchScreen.storyboard; sourceTree = "<group>"; };
		93D374852A5D264700EBCF1D /* Info.plist */ = {isa = PBXFileReference; lastKnownFileType = text.plist.xml; path = Info.plist; sourceTree = "<group>"; };
		93D3748B2A5D5C4200EBCF1D /* Game.swift */ = {isa = PBXFileReference; lastKnownFileType = sourcecode.swift; path = Game.swift; sourceTree = "<group>"; };
		93D3748D2A5D608000EBCF1D /* GuessResult.swift */ = {isa = PBXFileReference; lastKnownFileType = sourcecode.swift; path = GuessResult.swift; sourceTree = "<group>"; };
		93D3748F2A5FD62000EBCF1D /* beepbeep.mp3 */ = {isa = PBXFileReference; lastKnownFileType = audio.mp3; path = beepbeep.mp3; sourceTree = "<group>"; };
		93D374912A5FD70100EBCF1D /* clickSound.mp3 */ = {isa = PBXFileReference; lastKnownFileType = audio.mp3; path = clickSound.mp3; sourceTree = "<group>"; };
		93D374932A5FD7E800EBCF1D /* functionButton.mp3 */ = {isa = PBXFileReference; lastKnownFileType = audio.mp3; path = functionButton.mp3; sourceTree = "<group>"; };
		93D374952A5FDE0500EBCF1D /* clearButtonSound.mp3 */ = {isa = PBXFileReference; lastKnownFileType = audio.mp3; path = clearButtonSound.mp3; sourceTree = "<group>"; };
		93D374972A5FDFD200EBCF1D /* explosion.mp3 */ = {isa = PBXFileReference; lastKnownFileType = audio.mp3; path = explosion.mp3; sourceTree = "<group>"; };
		93D374992A6000D000EBCF1D /* winSound.mp3 */ = {isa = PBXFileReference; lastKnownFileType = audio.mp3; path = winSound.mp3; sourceTree = "<group>"; };
/* End PBXFileReference section */

/* Begin PBXFrameworksBuildPhase section */
		93D374712A5D264600EBCF1D /* Frameworks */ = {
			isa = PBXFrameworksBuildPhase;
			buildActionMask = 2147483647;
			files = (
			);
			runOnlyForDeploymentPostprocessing = 0;
		};
/* End PBXFrameworksBuildPhase section */

/* Begin PBXGroup section */
		93D3746B2A5D264600EBCF1D = {
			isa = PBXGroup;
			children = (
				93D374762A5D264600EBCF1D /* HW_GuessNumber */,
				93D374752A5D264600EBCF1D /* Products */,
			);
			sourceTree = "<group>";
		};
		93D374752A5D264600EBCF1D /* Products */ = {
			isa = PBXGroup;
			children = (
				93D374742A5D264600EBCF1D /* HW_GuessNumber.app */,
			);
			name = Products;
			sourceTree = "<group>";
		};
		93D374762A5D264600EBCF1D /* HW_GuessNumber */ = {
			isa = PBXGroup;
			children = (
				93D374772A5D264600EBCF1D /* AppDelegate.swift */,
				93D374792A5D264600EBCF1D /* SceneDelegate.swift */,
				93D3747B2A5D264600EBCF1D /* ViewController.swift */,
				93D3747D2A5D264600EBCF1D /* Main.storyboard */,
				93D3748B2A5D5C4200EBCF1D /* Game.swift */,
				93D3748D2A5D608000EBCF1D /* GuessResult.swift */,
				93D374802A5D264700EBCF1D /* Assets.xcassets */,
				93D374822A5D264700EBCF1D /* LaunchScreen.storyboard */,
				93D374852A5D264700EBCF1D /* Info.plist */,
				93D3748F2A5FD62000EBCF1D /* beepbeep.mp3 */,
				93D374912A5FD70100EBCF1D /* clickSound.mp3 */,
				93D374932A5FD7E800EBCF1D /* functionButton.mp3 */,
				93D374952A5FDE0500EBCF1D /* clearButtonSound.mp3 */,
				93D374972A5FDFD200EBCF1D /* explosion.mp3 */,
				93D374992A6000D000EBCF1D /* winSound.mp3 */,
			);
			path = HW_GuessNumber;
			sourceTree = "<group>";
		};
/* End PBXGroup section */

/* Begin PBXNativeTarget section */
		93D374732A5D264600EBCF1D /* HW_GuessNumber */ = {
			isa = PBXNativeTarget;
			buildConfigurationList = 93D374882A5D264700EBCF1D /* Build configuration list for PBXNativeTarget "HW_GuessNumber" */;
			buildPhases = (
				93D374702A5D264600EBCF1D /* Sources */,
				93D374712A5D264600EBCF1D /* Frameworks */,
				93D374722A5D264600EBCF1D /* Resources */,
			);
			buildRules = (
			);
			dependencies = (
			);
			name = HW_GuessNumber;
			productName = HW_GuessNumber;
			productReference = 93D374742A5D264600EBCF1D /* HW_GuessNumber.app */;
			productType = "com.apple.product-type.application";
		};
/* End PBXNativeTarget section */

/* Begin PBXProject section */
		93D3746C2A5D264600EBCF1D /* Project object */ = {
			isa = PBXProject;
			attributes = {
				BuildIndependentTargetsInParallel = 1;
				LastSwiftUpdateCheck = 1430;
				LastUpgradeCheck = 1430;
				TargetAttributes = {
					93D374732A5D264600EBCF1D = {
						CreatedOnToolsVersion = 14.3.1;
					};
				};
			};
			buildConfigurationList = 93D3746F2A5D264600EBCF1D /* Build configuration list for PBXProject "HW_GuessNumber" */;
			compatibilityVersion = "Xcode 14.0";
			developmentRegion = en;
			hasScannedForEncodings = 0;
			knownRegions = (
				en,
				Base,
			);
			mainGroup = 93D3746B2A5D264600EBCF1D;
			productRefGroup = 93D374752A5D264600EBCF1D /* Products */;
			projectDirPath = "";
			projectRoot = "";
			targets = (
				93D374732A5D264600EBCF1D /* HW_GuessNumber */,
			);
		};
/* End PBXProject section */

/* Begin PBXResourcesBuildPhase section */
		93D374722A5D264600EBCF1D /* Resources */ = {
			isa = PBXResourcesBuildPhase;
			buildActionMask = 2147483647;
			files = (
				93D3749A2A6000D000EBCF1D /* winSound.mp3 in Resources */,
				93D374942A5FD7E800EBCF1D /* functionButton.mp3 in Resources */,
				93D374842A5D264700EBCF1D /* LaunchScreen.storyboard in Resources */,
				93D374812A5D264700EBCF1D /* Assets.xcassets in Resources */,
				93D3747F2A5D264600EBCF1D /* Main.storyboard in Resources */,
				93D374962A5FDE0500EBCF1D /* clearButtonSound.mp3 in Resources */,
				93D374982A5FDFD200EBCF1D /* explosion.mp3 in Resources */,
				93D374922A5FD70100EBCF1D /* clickSound.mp3 in Resources */,
				93D374902A5FD62000EBCF1D /* beepbeep.mp3 in Resources */,
			);
			runOnlyForDeploymentPostprocessing = 0;
		};
/* End PBXResourcesBuildPhase section */

/* Begin PBXSourcesBuildPhase section */
		93D374702A5D264600EBCF1D /* Sources */ = {
			isa = PBXSourcesBuildPhase;
			buildActionMask = 2147483647;
			files = (
				93D3747C2A5D264600EBCF1D /* ViewController.swift in Sources */,
				93D374782A5D264600EBCF1D /* AppDelegate.swift in Sources */,
				93D3747A2A5D264600EBCF1D /* SceneDelegate.swift in Sources */,
				93D3748E2A5D608000EBCF1D /* GuessResult.swift in Sources */,
				93D3748C2A5D5C4200EBCF1D /* Game.swift in Sources */,
			);
			runOnlyForDeploymentPostprocessing = 0;
		};
/* End PBXSourcesBuildPhase section */

/* Begin PBXVariantGroup section */
		93D3747D2A5D264600EBCF1D /* Main.storyboard */ = {
			isa = PBXVariantGroup;
			children = (
				93D3747E2A5D264600EBCF1D /* Base */,
			);
			name = Main.storyboard;
			sourceTree = "<group>";
		};
		93D374822A5D264700EBCF1D /* LaunchScreen.storyboard */ = {
			isa = PBXVariantGroup;
			children = (
				93D374832A5D264700EBCF1D /* Base */,
			);
			name = LaunchScreen.storyboard;
			sourceTree = "<group>";
		};
/* End PBXVariantGroup section */

/* Begin XCBuildConfiguration section */
		93D374862A5D264700EBCF1D /* Debug */ = {
			isa = XCBuildConfiguration;
			buildSettings = {
				ALWAYS_SEARCH_USER_PATHS = NO;
				CLANG_ANALYZER_NONNULL = YES;
				CLANG_ANALYZER_NUMBER_OBJECT_CONVERSION = YES_AGGRESSIVE;
				CLANG_CXX_LANGUAGE_STANDARD = "gnu++20";
				CLANG_ENABLE_MODULES = YES;
				CLANG_ENABLE_OBJC_ARC = YES;
				CLANG_ENABLE_OBJC_WEAK = YES;
				CLANG_WARN_BLOCK_CAPTURE_AUTORELEASING = YES;
				CLANG_WARN_BOOL_CONVERSION = YES;
				CLANG_WARN_COMMA = YES;
				CLANG_WARN_CONSTANT_CONVERSION = YES;
				CLANG_WARN_DEPRECATED_OBJC_IMPLEMENTATIONS = YES;
				CLANG_WARN_DIRECT_OBJC_ISA_USAGE = YES_ERROR;
				CLANG_WARN_DOCUMENTATION_COMMENTS = YES;
				CLANG_WARN_EMPTY_BODY = YES;
				CLANG_WARN_ENUM_CONVERSION = YES;
				CLANG_WARN_INFINITE_RECURSION = YES;
				CLANG_WARN_INT_CONVERSION = YES;
				CLANG_WARN_NON_LITERAL_NULL_CONVERSION = YES;
				CLANG_WARN_OBJC_IMPLICIT_RETAIN_SELF = YES;
				CLANG_WARN_OBJC_LITERAL_CONVERSION = YES;
				CLANG_WARN_OBJC_ROOT_CLASS = YES_ERROR;
				CLANG_WARN_QUOTED_INCLUDE_IN_FRAMEWORK_HEADER = YES;
				CLANG_WARN_RANGE_LOOP_ANALYSIS = YES;
				CLANG_WARN_STRICT_PROTOTYPES = YES;
				CLANG_WARN_SUSPICIOUS_MOVE = YES;
				CLANG_WARN_UNGUARDED_AVAILABILITY = YES_AGGRESSIVE;
				CLANG_WARN_UNREACHABLE_CODE = YES;
				CLANG_WARN__DUPLICATE_METHOD_MATCH = YES;
				COPY_PHASE_STRIP = NO;
				DEBUG_INFORMATION_FORMAT = dwarf;
				ENABLE_STRICT_OBJC_MSGSEND = YES;
				ENABLE_TESTABILITY = YES;
				GCC_C_LANGUAGE_STANDARD = gnu11;
				GCC_DYNAMIC_NO_PIC = NO;
				GCC_NO_COMMON_BLOCKS = YES;
				GCC_OPTIMIZATION_LEVEL = 0;
				GCC_PREPROCESSOR_DEFINITIONS = (
					"DEBUG=1",
					"$(inherited)",
				);
				GCC_WARN_64_TO_32_BIT_CONVERSION = YES;
				GCC_WARN_ABOUT_RETURN_TYPE = YES_ERROR;
				GCC_WARN_UNDECLARED_SELECTOR = YES;
				GCC_WARN_UNINITIALIZED_AUTOS = YES_AGGRESSIVE;
				GCC_WARN_UNUSED_FUNCTION = YES;
				GCC_WARN_UNUSED_VARIABLE = YES;
				IPHONEOS_DEPLOYMENT_TARGET = 16.4;
				MTL_ENABLE_DEBUG_INFO = INCLUDE_SOURCE;
				MTL_FAST_MATH = YES;
				ONLY_ACTIVE_ARCH = YES;
				SDKROOT = iphoneos;
				SWIFT_ACTIVE_COMPILATION_CONDITIONS = DEBUG;
				SWIFT_OPTIMIZATION_LEVEL = "-Onone";
			};
			name = Debug;
		};
		93D374872A5D264700EBCF1D /* Release */ = {
			isa = XCBuildConfiguration;
			buildSettings = {
				ALWAYS_SEARCH_USER_PATHS = NO;
				CLANG_ANALYZER_NONNULL = YES;
				CLANG_ANALYZER_NUMBER_OBJECT_CONVERSION = YES_AGGRESSIVE;
				CLANG_CXX_LANGUAGE_STANDARD = "gnu++20";
				CLANG_ENABLE_MODULES = YES;
				CLANG_ENABLE_OBJC_ARC = YES;
				CLANG_ENABLE_OBJC_WEAK = YES;
				CLANG_WARN_BLOCK_CAPTURE_AUTORELEASING = YES;
				CLANG_WARN_BOOL_CONVERSION = YES;
				CLANG_WARN_COMMA = YES;
				CLANG_WARN_CONSTANT_CONVERSION = YES;
				CLANG_WARN_DEPRECATED_OBJC_IMPLEMENTATIONS = YES;
				CLANG_WARN_DIRECT_OBJC_ISA_USAGE = YES_ERROR;
				CLANG_WARN_DOCUMENTATION_COMMENTS = YES;
				CLANG_WARN_EMPTY_BODY = YES;
				CLANG_WARN_ENUM_CONVERSION = YES;
				CLANG_WARN_INFINITE_RECURSION = YES;
				CLANG_WARN_INT_CONVERSION = YES;
				CLANG_WARN_NON_LITERAL_NULL_CONVERSION = YES;
				CLANG_WARN_OBJC_IMPLICIT_RETAIN_SELF = YES;
				CLANG_WARN_OBJC_LITERAL_CONVERSION = YES;
				CLANG_WARN_OBJC_ROOT_CLASS = YES_ERROR;
				CLANG_WARN_QUOTED_INCLUDE_IN_FRAMEWORK_HEADER = YES;
				CLANG_WARN_RANGE_LOOP_ANALYSIS = YES;
				CLANG_WARN_STRICT_PROTOTYPES = YES;
				CLANG_WARN_SUSPICIOUS_MOVE = YES;
				CLANG_WARN_UNGUARDED_AVAILABILITY = YES_AGGRESSIVE;
				CLANG_WARN_UNREACHABLE_CODE = YES;
				CLANG_WARN__DUPLICATE_METHOD_MATCH = YES;
				COPY_PHASE_STRIP = NO;
				DEBUG_INFORMATION_FORMAT = "dwarf-with-dsym";
				ENABLE_NS_ASSERTIONS = NO;
				ENABLE_STRICT_OBJC_MSGSEND = YES;
				GCC_C_LANGUAGE_STANDARD = gnu11;
				GCC_NO_COMMON_BLOCKS = YES;
				GCC_WARN_64_TO_32_BIT_CONVERSION = YES;
				GCC_WARN_ABOUT_RETURN_TYPE = YES_ERROR;
				GCC_WARN_UNDECLARED_SELECTOR = YES;
				GCC_WARN_UNINITIALIZED_AUTOS = YES_AGGRESSIVE;
				GCC_WARN_UNUSED_FUNCTION = YES;
				GCC_WARN_UNUSED_VARIABLE = YES;
				IPHONEOS_DEPLOYMENT_TARGET = 16.4;
				MTL_ENABLE_DEBUG_INFO = NO;
				MTL_FAST_MATH = YES;
				SDKROOT = iphoneos;
				SWIFT_COMPILATION_MODE = wholemodule;
				SWIFT_OPTIMIZATION_LEVEL = "-O";
				VALIDATE_PRODUCT = YES;
			};
			name = Release;
		};
		93D374892A5D264700EBCF1D /* Debug */ = {
			isa = XCBuildConfiguration;
			buildSettings = {
				ASSETCATALOG_COMPILER_APPICON_NAME = AppIcon;
				ASSETCATALOG_COMPILER_GLOBAL_ACCENT_COLOR_NAME = AccentColor;
				CODE_SIGN_STYLE = Automatic;
				CURRENT_PROJECT_VERSION = 1;
				DEVELOPMENT_TEAM = P8FCS2FB8Z;
				GENERATE_INFOPLIST_FILE = YES;
				INFOPLIST_FILE = HW_GuessNumber/Info.plist;
				INFOPLIST_KEY_CFBundleDisplayName = NumberBomb;
				INFOPLIST_KEY_UIApplicationSupportsIndirectInputEvents = YES;
				INFOPLIST_KEY_UILaunchStoryboardName = LaunchScreen;
				INFOPLIST_KEY_UIMainStoryboardFile = Main;
				INFOPLIST_KEY_UISupportedInterfaceOrientations_iPad = "UIInterfaceOrientationPortrait UIInterfaceOrientationPortraitUpsideDown UIInterfaceOrientationLandscapeLeft UIInterfaceOrientationLandscapeRight";
				INFOPLIST_KEY_UISupportedInterfaceOrientations_iPhone = "UIInterfaceOrientationPortrait UIInterfaceOrientationLandscapeLeft UIInterfaceOrientationLandscapeRight";
				LD_RUNPATH_SEARCH_PATHS = (
					"$(inherited)",
					"@executable_path/Frameworks",
				);
				MARKETING_VERSION = 1.0;
				PRODUCT_BUNDLE_IDENTIFIER = "com.tonytsao.HW-GuessNumber";
				PRODUCT_NAME = "$(TARGET_NAME)";
				SWIFT_EMIT_LOC_STRINGS = YES;
				SWIFT_VERSION = 5.0;
				TARGETED_DEVICE_FAMILY = "1,2";
			};
			name = Debug;
		};
		93D3748A2A5D264700EBCF1D /* Release */ = {
			isa = XCBuildConfiguration;
			buildSettings = {
				ASSETCATALOG_COMPILER_APPICON_NAME = AppIcon;
				ASSETCATALOG_COMPILER_GLOBAL_ACCENT_COLOR_NAME = AccentColor;
				CODE_SIGN_STYLE = Automatic;
				CURRENT_PROJECT_VERSION = 1;
				DEVELOPMENT_TEAM = P8FCS2FB8Z;
				GENERATE_INFOPLIST_FILE = YES;
				INFOPLIST_FILE = HW_GuessNumber/Info.plist;
				INFOPLIST_KEY_CFBundleDisplayName = NumberBomb;
				INFOPLIST_KEY_UIApplicationSupportsIndirectInputEvents = YES;
				INFOPLIST_KEY_UILaunchStoryboardName = LaunchScreen;
				INFOPLIST_KEY_UIMainStoryboardFile = Main;
				INFOPLIST_KEY_UISupportedInterfaceOrientations_iPad = "UIInterfaceOrientationPortrait UIInterfaceOrientationPortraitUpsideDown UIInterfaceOrientationLandscapeLeft UIInterfaceOrientationLandscapeRight";
				INFOPLIST_KEY_UISupportedInterfaceOrientations_iPhone = "UIInterfaceOrientationPortrait UIInterfaceOrientationLandscapeLeft UIInterfaceOrientationLandscapeRight";
				LD_RUNPATH_SEARCH_PATHS = (
					"$(inherited)",
					"@executable_path/Frameworks",
				);
				MARKETING_VERSION = 1.0;
				PRODUCT_BUNDLE_IDENTIFIER = "com.tonytsao.HW-GuessNumber";
				PRODUCT_NAME = "$(TARGET_NAME)";
				SWIFT_EMIT_LOC_STRINGS = YES;
				SWIFT_VERSION = 5.0;
				TARGETED_DEVICE_FAMILY = "1,2";
			};
			name = Release;
		};
/* End XCBuildConfiguration section */

/* Begin XCConfigurationList section */
		93D3746F2A5D264600EBCF1D /* Build configuration list for PBXProject "HW_GuessNumber" */ = {
			isa = XCConfigurationList;
			buildConfigurations = (
				93D374862A5D264700EBCF1D /* Debug */,
				93D374872A5D264700EBCF1D /* Release */,
			);
			defaultConfigurationIsVisible = 0;
			defaultConfigurationName = Release;
		};
		93D374882A5D264700EBCF1D /* Build configuration list for PBXNativeTarget "HW_GuessNumber" */ = {
			isa = XCConfigurationList;
			buildConfigurations = (
				93D374892A5D264700EBCF1D /* Debug */,
				93D3748A2A5D264700EBCF1D /* Release */,
			);
			defaultConfigurationIsVisible = 0;
			defaultConfigurationName = Release;
		};
/* End XCConfigurationList section */
	};
	rootObject = 93D3746C2A5D264600EBCF1D /* Project object */;
}
